
Microsoft Visual Studio Solution File, Format Version 12.00
# Visual Studio Version 16
VisualStudioVersion = 16.0.32630.194
MinimumVisualStudioVersion = 10.0.40219.1
Project("{FAE04EC0-301F-11D3-BF4B-00C04F79EFBC}") = "Boleto", "Boleto.csproj", "{55C8C4C4-3EE1-43C9-B3EC-7E068FDEF5C7}"
EndProject
Global
	GlobalSection(SolutionConfigurationPlatforms) = preSolution
		Debug|Any CPU = Debug|Any CPU
		Release|Any CPU = Release|Any CPU
	EndGlobalSection
	GlobalSection(ProjectConfigurationPlatforms) = postSolution
		{55C8C4C4-3EE1-43C9-B3EC-7E068FDEF5C7}.Debug|Any CPU.ActiveCfg = Debug|Any CPU
		{55C8C4C4-3EE1-43C9-B3EC-7E068FDEF5C7}.Debug|Any CPU.Build.0 = Debug|Any CPU
		{55C8C4C4-3EE1-43C9-B3EC-7E068FDEF5C7}.Release|Any CPU.ActiveCfg = Release|Any CPU
		{55C8C4C4-3EE1-43C9-B3EC-7E068FDEF5C7}.Release|Any CPU.Build.0 = Release|Any CPU
	EndGlobalSection
	GlobalSection(SolutionProperties) = preSolution
		HideSolutionNode = FALSE
	EndGlobalSection
	GlobalSection(ExtensibilityGlobals) = postSolution
		SolutionGuid = {2B4ABDD4-168C-4633-93C3-C9D21AE2F617}
	EndGlobalSection
EndGlobal
